<?xml version="1.0" encoding="UTF-8"?>
<CONFIG>
  <ProjectOptions>
    <Version Value="12"/>
    <PathDelim Value="\"/>
    <General>
      <SessionStorage Value="InProjectDir"/>
      <Title Value="prjSCP"/>
      <Scaled Value="True"/>
      <ResourceType Value="res"/>
      <UseXPManifest Value="True"/>
      <XPManifest>
        <DpiAware Value="True"/>
      </XPManifest>
      <Icon Value="0"/>
    </General>
    <BuildModes>
      <Item Name="Default" Default="True"/>
    </BuildModes>
    <PublishOptions>
      <Version Value="2"/>
      <UseFileFilters Value="True"/>
    </PublishOptions>
    <RunParams>
      <FormatVersion Value="2"/>
    </RunParams>
    <RequiredPackages>
      <Item>
        <PackageName Value="LCL"/>
      </Item>
    </RequiredPackages>
    <Units>
      <Unit>
        <Filename Value="prjSCP.lpr"/>
        <IsPartOfProject Value="True"/>
      </Unit>
      <Unit>
        <Filename Value="menuprincipal.pas"/>
        <IsPartOfProject Value="True"/>
        <ComponentName Value="MenuPrincipalF"/>
        <ResourceBaseClass Value="Form"/>
        <UnitName Value="MenuPrincipal"/>
      </Unit>
      <Unit>
        <Filename Value="cadmodelo.pas"/>
        <IsPartOfProject Value="True"/>
        <ComponentName Value="CadModeloF"/>
        <ResourceBaseClass Value="Form"/>
        <UnitName Value="CadModelo"/>
      </Unit>
      <Unit>
        <Filename Value="oplogin.pas"/>
        <IsPartOfProject Value="True"/>
        <ComponentName Value="OpLoginF"/>
        <ResourceBaseClass Value="Form"/>
        <UnitName Value="OpLogin"/>
      </Unit>
      <Unit>
        <Filename Value="cadesqsenha.pas"/>
        <IsPartOfProject Value="True"/>
        <ComponentName Value="CadEsqSenhaF"/>
        <ResourceBaseClass Value="Form"/>
        <UnitName Value="CadEsqSenha"/>
      </Unit>
      <Unit>
        <Filename Value="opsobre.pas"/>
        <IsPartOfProject Value="True"/>
        <ComponentName Value="OpSobreF"/>
        <ResourceBaseClass Value="Form"/>
        <UnitName Value="OpSobre"/>
      </Unit>
      <Unit>
        <Filename Value="cadprodutos.pas"/>
        <IsPartOfProject Value="True"/>
        <ComponentName Value="CadProdutosF"/>
        <ResourceBaseClass Value="Form"/>
        <UnitName Value="CadProdutos"/>
      </Unit>
    </Units>
  </ProjectOptions>
  <CompilerOptions>
    <Version Value="11"/>
    <PathDelim Value="\"/>
    <Target>
      <Filename Value="prjSCP"/>
    </Target>
    <SearchPaths>
      <IncludeFiles Value="$(ProjOutDir)"/>
      <UnitOutputDirectory Value="lib\$(TargetCPU)-$(TargetOS)"/>
    </SearchPaths>
    <Linking>
      <Debugging>
        <DebugInfoType Value="dsDwarf3"/>
      </Debugging>
      <Options>
        <Win32>
          <GraphicApplication Value="True"/>
        </Win32>
      </Options>
    </Linking>
  </CompilerOptions>
  <Debugging>
    <Exceptions>
      <Item>
        <Name Value="EAbort"/>
      </Item>
      <Item>
        <Name Value="ECodetoolError"/>
      </Item>
      <Item>
        <Name Value="EFOpenError"/>
      </Item>
    </Exceptions>
  </Debugging>
</CONFIG>
